
Microsoft Visual Studio Solution File, Format Version 12.00
# Visual Studio Version 17
VisualStudioVersion = 17.0.31912.275
MinimumVisualStudioVersion = 10.0.40219.1
Project("{FAE04EC0-301F-11D3-BF4B-00C04F79EFBC}") = "AgenciaViagens", "AgenciaViagens\AgenciaViagens.csproj", "{EF13D1CF-46BF-46C9-B324-15C1A010607E}"
EndProject
Global
	GlobalSection(SolutionConfigurationPlatforms) = preSolution
		Debug|Any CPU = Debug|Any CPU
		Release|Any CPU = Release|Any CPU
	EndGlobalSection
	GlobalSection(ProjectConfigurationPlatforms) = postSolution
		{EF13D1CF-46BF-46C9-B324-15C1A010607E}.Debug|Any CPU.ActiveCfg = Debug|Any CPU
		{EF13D1CF-46BF-46C9-B324-15C1A010607E}.Debug|Any CPU.Build.0 = Debug|Any CPU
		{EF13D1CF-46BF-46C9-B324-15C1A010607E}.Release|Any CPU.ActiveCfg = Release|Any CPU
		{EF13D1CF-46BF-46C9-B324-15C1A010607E}.Release|Any CPU.Build.0 = Release|Any CPU
	EndGlobalSection
	GlobalSection(SolutionProperties) = preSolution
		HideSolutionNode = FALSE
	EndGlobalSection
	GlobalSection(ExtensibilityGlobals) = postSolution
		SolutionGuid = {17763219-CEAF-4B46-B778-83025DCCC663}
	EndGlobalSection
EndGlobal
